github.com/coocood/mysql v0.0.0-20130514171929-d22091ecccb5 h1:vi+4jMR9IJtIKPKLuDSy0oMlpLf7ScOqkkXKKddh1IA=
github.com/coocood/mysql v0.0.0-20130514171929-d22091ecccb5/go.mod h1:1OErk0g+KcT8QVWy0F8U2f9Q/eq1yoou4LycX9wHwao=
github.com/coocood/qbs v0.0.0-20170418011607-8554e18a96c9 h1:1DUdzh+eIDE8vNyHdV0lZFaZkpR57y9h755bkwjaLmI=
github.com/coocood/qbs v0.0.0-20170418011607-8554e18a96c9/go.mod h1:NQuFHdW6rrE7MpBV4/La34COKJtgywFpUTdKZNa40Ks=
github.com/lib/pq v1.10.9 h1:YXG7RB+JIjhP29X+OtkiDnYaXQwpS4JEWq7dtCCRUEw=
github.com/lib/pq v1.10.9/go.mod h1:AlVN5x4E4T544tWzH6hKfbfQvm3HdbOxrmggDNAPY9o=
github.com/mattn/go-sqlite3 v1.14.22 h1:2gZY6PC6kBnID23Tichd1K+Z0oS6nE/XwU+Vz/5o4kU=
github.com/mattn/go-sqlite3 v1.14.22/go.mod h1:Uh1q+B4BYcTPb+yiD3kU8Ct7aC0hY9fxUwlHK0RXw+Y=
golang.org/x/exp v0.0.0-20240506185415-9bf2ced13842 h1:vr/HnozRka3pE4EsMEg1lgkXJkTFJCVUX+S/ZT6wYzM=
golang.org/x/exp v0.0.0-20240506185415-9bf2ced13842/go.mod h1:XtvwrStGgqGPLc4cjQfWqZHG1YFdYs6swckp8vpsjnc=
gonum.org/v1/gonum v0.15.0 h1:2lYxjRbTYyxkJxlhC+LvJIx3SsANPdRybu1tGj9/OrQ=
gonum.org/v1/gonum v0.15.0/go.mod h1:xzZVBJBtS+Mz4q0Yl2LJTk+OxOg4jiXZ7qBoM0uISGo=
